
Microsoft Visual Studio Solution File, Format Version 12.00
# Visual Studio Version 16
VisualStudioVersion = 16.0.31321.278
MinimumVisualStudioVersion = 10.0.40219.1
Project("{FAE04EC0-301F-11D3-BF4B-00C04F79EFBC}") = "HW3", "HW3\HW3.csproj", "{54006850-0F74-4055-AF58-3FD425941732}"
EndProject
Global
	GlobalSection(SolutionConfigurationPlatforms) = preSolution
		Debug|Any CPU = Debug|Any CPU
		Release|Any CPU = Release|Any CPU
	EndGlobalSection
	GlobalSection(ProjectConfigurationPlatforms) = postSolution
		{54006850-0F74-4055-AF58-3FD425941732}.Debug|Any CPU.ActiveCfg = Debug|Any CPU
		{54006850-0F74-4055-AF58-3FD425941732}.Debug|Any CPU.Build.0 = Debug|Any CPU
		{54006850-0F74-4055-AF58-3FD425941732}.Release|Any CPU.ActiveCfg = Release|Any CPU
		{54006850-0F74-4055-AF58-3FD425941732}.Release|Any CPU.Build.0 = Release|Any CPU
	EndGlobalSection
	GlobalSection(SolutionProperties) = preSolution
		HideSolutionNode = FALSE
	EndGlobalSection
	GlobalSection(ExtensibilityGlobals) = postSolution
		SolutionGuid = {260DB904-E359-4DDD-90E0-4E602694C5EB}
	EndGlobalSection
EndGlobal
